
Microsoft Visual Studio Solution File, Format Version 12.00
# Visual Studio Version 17
VisualStudioVersion = 17.1.32421.90
MinimumVisualStudioVersion = 10.0.40219.1
Project("{FAE04EC0-301F-11D3-BF4B-00C04F79EFBC}") = "Oppgave 9 - If Else 3", "Oppgave 9 - If Else 3\Oppgave 9 - If Else 3.csproj", "{7048C4DE-E418-4DCF-B334-DDFAA5129BDD}"
EndProject
Global
	GlobalSection(SolutionConfigurationPlatforms) = preSolution
		Debug|Any CPU = Debug|Any CPU
		Release|Any CPU = Release|Any CPU
	EndGlobalSection
	GlobalSection(ProjectConfigurationPlatforms) = postSolution
		{7048C4DE-E418-4DCF-B334-DDFAA5129BDD}.Debug|Any CPU.ActiveCfg = Debug|Any CPU
		{7048C4DE-E418-4DCF-B334-DDFAA5129BDD}.Debug|Any CPU.Build.0 = Debug|Any CPU
		{7048C4DE-E418-4DCF-B334-DDFAA5129BDD}.Release|Any CPU.ActiveCfg = Release|Any CPU
		{7048C4DE-E418-4DCF-B334-DDFAA5129BDD}.Release|Any CPU.Build.0 = Release|Any CPU
	EndGlobalSection
	GlobalSection(SolutionProperties) = preSolution
		HideSolutionNode = FALSE
	EndGlobalSection
	GlobalSection(ExtensibilityGlobals) = postSolution
		SolutionGuid = {B9CFCA63-8A58-4751-9C6A-2CB22D6CB119}
	EndGlobalSection
EndGlobal
