
Microsoft Visual Studio Solution File, Format Version 12.00
# Visual Studio Version 17
VisualStudioVersion = 17.1.32421.90
MinimumVisualStudioVersion = 10.0.40219.1
Project("{FAE04EC0-301F-11D3-BF4B-00C04F79EFBC}") = "Oppgave1", "Oppgave1\Oppgave1.csproj", "{C7CB553A-69AB-4F04-858B-3FE5F18A362B}"
EndProject
Global
	GlobalSection(SolutionConfigurationPlatforms) = preSolution
		Debug|Any CPU = Debug|Any CPU
		Release|Any CPU = Release|Any CPU
	EndGlobalSection
	GlobalSection(ProjectConfigurationPlatforms) = postSolution
		{C7CB553A-69AB-4F04-858B-3FE5F18A362B}.Debug|Any CPU.ActiveCfg = Debug|Any CPU
		{C7CB553A-69AB-4F04-858B-3FE5F18A362B}.Debug|Any CPU.Build.0 = Debug|Any CPU
		{C7CB553A-69AB-4F04-858B-3FE5F18A362B}.Release|Any CPU.ActiveCfg = Release|Any CPU
		{C7CB553A-69AB-4F04-858B-3FE5F18A362B}.Release|Any CPU.Build.0 = Release|Any CPU
	EndGlobalSection
	GlobalSection(SolutionProperties) = preSolution
		HideSolutionNode = FALSE
	EndGlobalSection
	GlobalSection(ExtensibilityGlobals) = postSolution
		SolutionGuid = {C013DC76-EF86-4DAA-9509-F55AD7DBC649}
	EndGlobalSection
EndGlobal
