
Microsoft Visual Studio Solution File, Format Version 12.00
# Visual Studio Version 17
VisualStudioVersion = 17.1.32421.90
MinimumVisualStudioVersion = 10.0.40219.1
Project("{FAE04EC0-301F-11D3-BF4B-00C04F79EFBC}") = "Oppgave 5", "Oppgave 5\Oppgave 5.csproj", "{52647A94-A767-4132-BB6F-2F0BAF4608D3}"
EndProject
Global
	GlobalSection(SolutionConfigurationPlatforms) = preSolution
		Debug|Any CPU = Debug|Any CPU
		Release|Any CPU = Release|Any CPU
	EndGlobalSection
	GlobalSection(ProjectConfigurationPlatforms) = postSolution
		{52647A94-A767-4132-BB6F-2F0BAF4608D3}.Debug|Any CPU.ActiveCfg = Debug|Any CPU
		{52647A94-A767-4132-BB6F-2F0BAF4608D3}.Debug|Any CPU.Build.0 = Debug|Any CPU
		{52647A94-A767-4132-BB6F-2F0BAF4608D3}.Release|Any CPU.ActiveCfg = Release|Any CPU
		{52647A94-A767-4132-BB6F-2F0BAF4608D3}.Release|Any CPU.Build.0 = Release|Any CPU
	EndGlobalSection
	GlobalSection(SolutionProperties) = preSolution
		HideSolutionNode = FALSE
	EndGlobalSection
	GlobalSection(ExtensibilityGlobals) = postSolution
		SolutionGuid = {CFE10E39-9658-4AFA-B7E3-8BACE968861C}
	EndGlobalSection
EndGlobal
