
Microsoft Visual Studio Solution File, Format Version 12.00
# Visual Studio Version 17
VisualStudioVersion = 17.1.32421.90
MinimumVisualStudioVersion = 10.0.40219.1
Project("{FAE04EC0-301F-11D3-BF4B-00C04F79EFBC}") = "Oppgave 7 - If Else 1", "Oppgave 7 - If Else 1\Oppgave 7 - If Else 1.csproj", "{0AF2BE17-C786-48B4-997C-08FD2B019DBD}"
EndProject
Global
	GlobalSection(SolutionConfigurationPlatforms) = preSolution
		Debug|Any CPU = Debug|Any CPU
		Release|Any CPU = Release|Any CPU
	EndGlobalSection
	GlobalSection(ProjectConfigurationPlatforms) = postSolution
		{0AF2BE17-C786-48B4-997C-08FD2B019DBD}.Debug|Any CPU.ActiveCfg = Debug|Any CPU
		{0AF2BE17-C786-48B4-997C-08FD2B019DBD}.Debug|Any CPU.Build.0 = Debug|Any CPU
		{0AF2BE17-C786-48B4-997C-08FD2B019DBD}.Release|Any CPU.ActiveCfg = Release|Any CPU
		{0AF2BE17-C786-48B4-997C-08FD2B019DBD}.Release|Any CPU.Build.0 = Release|Any CPU
	EndGlobalSection
	GlobalSection(SolutionProperties) = preSolution
		HideSolutionNode = FALSE
	EndGlobalSection
	GlobalSection(ExtensibilityGlobals) = postSolution
		SolutionGuid = {422C3873-485E-4A04-9775-15C00E2557A9}
	EndGlobalSection
EndGlobal
